
Microsoft Visual Studio Solution File, Format Version 12.00
# Visual Studio Version 17
VisualStudioVersion = 17.0.31903.59
MinimumVisualStudioVersion = 10.0.40219.1
Project("{2150E333-8FDC-42A3-9474-1A3956D46DE8}") = "backend", "backend", "{8E3C5BED-C0B4-4B29-B941-3B68D7AC72E5}"
EndProject
Project("{2150E333-8FDC-42A3-9474-1A3956D46DE8}") = "Core", "Core", "{4D9FBE96-3A54-467B-8928-BDA75EC8CA68}"
EndProject
Project("{FAE04EC0-301F-11D3-BF4B-00C04F79EFBC}") = "Application", "backend\Core\Application\Application.csproj", "{8FAC4F6B-AAEA-4B18-863C-0B82483C3B01}"
EndProject
Project("{FAE04EC0-301F-11D3-BF4B-00C04F79EFBC}") = "Domain", "backend\Core\Domain\Domain.csproj", "{278F585E-35FF-49D0-BB92-6941374389B8}"
EndProject
Project("{2150E333-8FDC-42A3-9474-1A3956D46DE8}") = "Infrastructure", "Infrastructure", "{8417236B-E292-4C43-983D-137B44E033D2}"
EndProject
Project("{FAE04EC0-301F-11D3-BF4B-00C04F79EFBC}") = "Infrastructure", "backend\Infrastructure\Infrastructure\Infrastructure.csproj", "{A91589D9-6BD2-4E24-9373-E0EB36D68889}"
EndProject
Project("{FAE04EC0-301F-11D3-BF4B-00C04F79EFBC}") = "Persistence", "backend\Infrastructure\Persistence\Persistence.csproj", "{C382D2EA-208B-435A-A795-4024FD911DCA}"
EndProject
Project("{FAE04EC0-301F-11D3-BF4B-00C04F79EFBC}") = "WebAPI", "backend\WebAPI\WebAPI.csproj", "{3D1A8D52-0FB4-49BC-B526-D849A89C5E11}"
EndProject
Project("{2150E333-8FDC-42A3-9474-1A3956D46DE8}") = "common", "common", "{61D00326-4FEF-497E-9372-97FA4EE97434}"
EndProject
Project("{FAE04EC0-301F-11D3-BF4B-00C04F79EFBC}") = "UluarSite.Common", "common\UluarSite.Common\UluarSite.Common.csproj", "{5FAAE603-C2CD-4CDB-81C2-0BD3E9D230B4}"
EndProject
Project("{FAE04EC0-301F-11D3-BF4B-00C04F79EFBC}") = "UluarSite.Common.Web", "common\UluarSite.Common.Web\UluarSite.Common.Web.csproj", "{C42F61E4-EB35-42D1-B6A2-F5B03BF129E6}"
EndProject
Global
	GlobalSection(SolutionConfigurationPlatforms) = preSolution
		Debug|Any CPU = Debug|Any CPU
		Release|Any CPU = Release|Any CPU
	EndGlobalSection
	GlobalSection(SolutionProperties) = preSolution
		HideSolutionNode = FALSE
	EndGlobalSection
	GlobalSection(ProjectConfigurationPlatforms) = postSolution
		{8FAC4F6B-AAEA-4B18-863C-0B82483C3B01}.Debug|Any CPU.ActiveCfg = Debug|Any CPU
		{8FAC4F6B-AAEA-4B18-863C-0B82483C3B01}.Debug|Any CPU.Build.0 = Debug|Any CPU
		{8FAC4F6B-AAEA-4B18-863C-0B82483C3B01}.Release|Any CPU.ActiveCfg = Release|Any CPU
		{8FAC4F6B-AAEA-4B18-863C-0B82483C3B01}.Release|Any CPU.Build.0 = Release|Any CPU
		{278F585E-35FF-49D0-BB92-6941374389B8}.Debug|Any CPU.ActiveCfg = Debug|Any CPU
		{278F585E-35FF-49D0-BB92-6941374389B8}.Debug|Any CPU.Build.0 = Debug|Any CPU
		{278F585E-35FF-49D0-BB92-6941374389B8}.Release|Any CPU.ActiveCfg = Release|Any CPU
		{278F585E-35FF-49D0-BB92-6941374389B8}.Release|Any CPU.Build.0 = Release|Any CPU
		{A91589D9-6BD2-4E24-9373-E0EB36D68889}.Debug|Any CPU.ActiveCfg = Debug|Any CPU
		{A91589D9-6BD2-4E24-9373-E0EB36D68889}.Debug|Any CPU.Build.0 = Debug|Any CPU
		{A91589D9-6BD2-4E24-9373-E0EB36D68889}.Release|Any CPU.ActiveCfg = Release|Any CPU
		{A91589D9-6BD2-4E24-9373-E0EB36D68889}.Release|Any CPU.Build.0 = Release|Any CPU
		{C382D2EA-208B-435A-A795-4024FD911DCA}.Debug|Any CPU.ActiveCfg = Debug|Any CPU
		{C382D2EA-208B-435A-A795-4024FD911DCA}.Debug|Any CPU.Build.0 = Debug|Any CPU
		{C382D2EA-208B-435A-A795-4024FD911DCA}.Release|Any CPU.ActiveCfg = Release|Any CPU
		{C382D2EA-208B-435A-A795-4024FD911DCA}.Release|Any CPU.Build.0 = Release|Any CPU
		{3D1A8D52-0FB4-49BC-B526-D849A89C5E11}.Debug|Any CPU.ActiveCfg = Debug|Any CPU
		{3D1A8D52-0FB4-49BC-B526-D849A89C5E11}.Debug|Any CPU.Build.0 = Debug|Any CPU
		{3D1A8D52-0FB4-49BC-B526-D849A89C5E11}.Release|Any CPU.ActiveCfg = Release|Any CPU
		{3D1A8D52-0FB4-49BC-B526-D849A89C5E11}.Release|Any CPU.Build.0 = Release|Any CPU
		{5FAAE603-C2CD-4CDB-81C2-0BD3E9D230B4}.Debug|Any CPU.ActiveCfg = Debug|Any CPU
		{5FAAE603-C2CD-4CDB-81C2-0BD3E9D230B4}.Debug|Any CPU.Build.0 = Debug|Any CPU
		{5FAAE603-C2CD-4CDB-81C2-0BD3E9D230B4}.Release|Any CPU.ActiveCfg = Release|Any CPU
		{5FAAE603-C2CD-4CDB-81C2-0BD3E9D230B4}.Release|Any CPU.Build.0 = Release|Any CPU
		{C42F61E4-EB35-42D1-B6A2-F5B03BF129E6}.Debug|Any CPU.ActiveCfg = Debug|Any CPU
		{C42F61E4-EB35-42D1-B6A2-F5B03BF129E6}.Debug|Any CPU.Build.0 = Debug|Any CPU
		{C42F61E4-EB35-42D1-B6A2-F5B03BF129E6}.Release|Any CPU.ActiveCfg = Release|Any CPU
		{C42F61E4-EB35-42D1-B6A2-F5B03BF129E6}.Release|Any CPU.Build.0 = Release|Any CPU
	EndGlobalSection
	GlobalSection(NestedProjects) = preSolution
		{4D9FBE96-3A54-467B-8928-BDA75EC8CA68} = {8E3C5BED-C0B4-4B29-B941-3B68D7AC72E5}
		{8FAC4F6B-AAEA-4B18-863C-0B82483C3B01} = {4D9FBE96-3A54-467B-8928-BDA75EC8CA68}
		{278F585E-35FF-49D0-BB92-6941374389B8} = {4D9FBE96-3A54-467B-8928-BDA75EC8CA68}
		{8417236B-E292-4C43-983D-137B44E033D2} = {8E3C5BED-C0B4-4B29-B941-3B68D7AC72E5}
		{A91589D9-6BD2-4E24-9373-E0EB36D68889} = {8417236B-E292-4C43-983D-137B44E033D2}
		{C382D2EA-208B-435A-A795-4024FD911DCA} = {8417236B-E292-4C43-983D-137B44E033D2}
		{3D1A8D52-0FB4-49BC-B526-D849A89C5E11} = {8E3C5BED-C0B4-4B29-B941-3B68D7AC72E5}
		{5FAAE603-C2CD-4CDB-81C2-0BD3E9D230B4} = {61D00326-4FEF-497E-9372-97FA4EE97434}
		{C42F61E4-EB35-42D1-B6A2-F5B03BF129E6} = {61D00326-4FEF-497E-9372-97FA4EE97434}
	EndGlobalSection
EndGlobal
